// !$*UTF8*$!
{
	archiveVersion = 1;
	classes = {
	};
	objectVersion = 46;
	objects = {

/* Begin PBXBuildFile section */
		D8F89E451C7055AF0049102C /* main.m in Sources */ = {isa = PBXBuildFile; fileRef = D8F89E441C7055AF0049102C /* main.m */; };
		D8F89E481C7055AF0049102C /* AppDelegate.m in Sources */ = {isa = PBXBuildFile; fileRef = D8F89E471C7055AF0049102C /* AppDelegate.m */; };
		D8F89E4B1C7055AF0049102C /* ViewController.m in Sources */ = {isa = PBXBuildFile; fileRef = D8F89E4A1C7055AF0049102C /* ViewController.m */; };
		D8F89E4E1C7055AF0049102C /* Main.storyboard in Resources */ = {isa = PBXBuildFile; fileRef = D8F89E4C1C7055AF0049102C /* Main.storyboard */; };
		D8F89E501C7055AF0049102C /* Assets.xcassets in Resources */ = {isa = PBXBuildFile; fileRef = D8F89E4F1C7055AF0049102C /* Assets.xcassets */; };
		D8F89E531C7055AF0049102C /* LaunchScreen.storyboard in Resources */ = {isa = PBXBuildFile; fileRef = D8F89E511C7055AF0049102C /* LaunchScreen.storyboard */; };
/* End PBXBuildFile section */

/* Begin PBXFileReference section */
		D8F89E401C7055AF0049102C /* Testing-ObjectC-in-Swift.app */ = {isa = PBXFileReference; explicitFileType = wrapper.application; includeInIndex = 0; path = "Testing-ObjectC-in-Swift.app"; sourceTree = BUILT_PRODUCTS_DIR; };
		D8F89E441C7055AF0049102C /* main.m */ = {isa = PBXFileReference; lastKnownFileType = sourcecode.c.objc; path = main.m; sourceTree = "<group>"; };
		D8F89E461C7055AF0049102C /* AppDelegate.h */ = {isa = PBXFileReference; lastKnownFileType = sourcecode.c.h; path = AppDelegate.h; sourceTree = "<group>"; };
		D8F89E471C7055AF0049102C /* AppDelegate.m */ = {isa = PBXFileReference; lastKnownFileType = sourcecode.c.objc; path = AppDelegate.m; sourceTree = "<group>"; };
		D8F89E491C7055AF0049102C /* ViewController.h */ = {isa = PBXFileReference; lastKnownFileType = sourcecode.c.h; path = ViewController.h; sourceTree = "<group>"; };
		D8F89E4A1C7055AF0049102C /* ViewController.m */ = {isa = PBXFileReference; lastKnownFileType = sourcecode.c.objc; path = ViewController.m; sourceTree = "<group>"; };
		D8F89E4D1C7055AF0049102C /* Base */ = {isa = PBXFileReference; lastKnownFileType = file.storyboard; name = Base; path = Base.lproj/Main.storyboard; sourceTree = "<group>"; };
		D8F89E4F1C7055AF0049102C /* Assets.xcassets */ = {isa = PBXFileReference; lastKnownFileType = folder.assetcatalog; path = Assets.xcassets; sourceTree = "<group>"; };
		D8F89E521C7055AF0049102C /* Base */ = {isa = PBXFileReference; lastKnownFileType = file.storyboard; name = Base; path = Base.lproj/LaunchScreen.storyboard; sourceTree = "<group>"; };
		D8F89E541C7055AF0049102C /* Info.plist */ = {isa = PBXFileReference; lastKnownFileType = text.plist.xml; path = Info.plist; sourceTree = "<group>"; };
/* End PBXFileReference section */

/* Begin PBXFrameworksBuildPhase section */
		D8F89E3D1C7055AF0049102C /* Frameworks */ = {
			isa = PBXFrameworksBuildPhase;
			buildActionMask = 2147483647;
			files = (
			);
			runOnlyForDeploymentPostprocessing = 0;
		};
/* End PBXFrameworksBuildPhase section */

/* Begin PBXGroup section */
		D8F89E371C7055AF0049102C = {
			isa = PBXGroup;
			children = (
				D8F89E421C7055AF0049102C /* Testing-ObjectC-in-Swift */,
				D8F89E411C7055AF0049102C /* Products */,
			);
			sourceTree = "<group>";
		};
		D8F89E411C7055AF0049102C /* Products */ = {
			isa = PBXGroup;
			children = (
				D8F89E401C7055AF0049102C /* Testing-ObjectC-in-Swift.app */,
			);
			name = Products;
			sourceTree = "<group>";
		};
		D8F89E421C7055AF0049102C /* Testing-ObjectC-in-Swift */ = {
			isa = PBXGroup;
			children = (
				D8F89E461C7055AF0049102C /* AppDelegate.h */,
				D8F89E471C7055AF0049102C /* AppDelegate.m */,
				D8F89E491C7055AF0049102C /* ViewController.h */,
				D8F89E4A1C7055AF0049102C /* ViewController.m */,
				D8F89E4C1C7055AF0049102C /* Main.storyboard */,
				D8F89E4F1C7055AF0049102C /* Assets.xcassets */,
				D8F89E511C7055AF0049102C /* LaunchScreen.storyboard */,
				D8F89E541C7055AF0049102C /* Info.plist */,
				D8F89E431C7055AF0049102C /* Supporting Files */,
			);
			path = "Testing-ObjectC-in-Swift";
			sourceTree = "<group>";
		};
		D8F89E431C7055AF0049102C /* Supporting Files */ = {
			isa = PBXGroup;
			children = (
				D8F89E441C7055AF0049102C /* main.m */,
			);
			name = "Supporting Files";
			sourceTree = "<group>";
		};
/* End PBXGroup section */

/* Begin PBXNativeTarget section */
		D8F89E3F1C7055AF0049102C /* Testing-ObjectC-in-Swift */ = {
			isa = PBXNativeTarget;
			buildConfigurationList = D8F89E571C7055AF0049102C /* Build configuration list for PBXNativeTarget "Testing-ObjectC-in-Swift" */;
			buildPhases = (
				D8F89E3C1C7055AF0049102C /* Sources */,
				D8F89E3D1C7055AF0049102C /* Frameworks */,
				D8F89E3E1C7055AF0049102C /* Resources */,
			);
			buildRules = (
			);
			dependencies = (
			);
			name = "Testing-ObjectC-in-Swift";
			productName = "Testing-ObjectC-in-Swift";
			productReference = D8F89E401C7055AF0049102C /* Testing-ObjectC-in-Swift.app */;
			productType = "com.apple.product-type.application";
		};
/* End PBXNativeTarget section */

/* Begin PBXProject section */
		D8F89E381C7055AF0049102C /* Project object */ = {
			isa = PBXProject;
			attributes = {
				LastUpgradeCheck = 0720;
				ORGANIZATIONNAME = "Cesar Tardaguila";
				TargetAttributes = {
					D8F89E3F1C7055AF0049102C = {
						CreatedOnToolsVersion = 7.2.1;
					};
				};
			};
			buildConfigurationList = D8F89E3B1C7055AF0049102C /* Build configuration list for PBXProject "Testing-ObjectC-in-Swift" */;
			compatibilityVersion = "Xcode 3.2";
			developmentRegion = English;
			hasScannedForEncodings = 0;
			knownRegions = (
				en,
				Base,
			);
			mainGroup = D8F89E371C7055AF0049102C;
			productRefGroup = D8F89E411C7055AF0049102C /* Products */;
			projectDirPath = "";
			projectRoot = "";
			targets = (
				D8F89E3F1C7055AF0049102C /* Testing-ObjectC-in-Swift */,
			);
		};
/* End PBXProject section */

/* Begin PBXResourcesBuildPhase section */
		D8F89E3E1C7055AF0049102C /* Resources */ = {
			isa = PBXResourcesBuildPhase;
			buildActionMask = 2147483647;
			files = (
				D8F89E531C7055AF0049102C /* LaunchScreen.storyboard in Resources */,
				D8F89E501C7055AF0049102C /* Assets.xcassets in Resources */,
				D8F89E4E1C7055AF0049102C /* Main.storyboard in Resources */,
			);
			runOnlyForDeploymentPostprocessing = 0;
		};
/* End PBXResourcesBuildPhase section */

/* Begin PBXSourcesBuildPhase section */
		D8F89E3C1C7055AF0049102C /* Sources */ = {
			isa = PBXSourcesBuildPhase;
			buildActionMask = 2147483647;
			files = (
				D8F89E4B1C7055AF0049102C /* ViewController.m in Sources */,
				D8F89E481C7055AF0049102C /* AppDelegate.m in Sources */,
				D8F89E451C7055AF0049102C /* main.m in Sources */,
			);
			runOnlyForDeploymentPostprocessing = 0;
		};
/* End PBXSourcesBuildPhase section */

/* Begin PBXVariantGroup section */
		D8F89E4C1C7055AF0049102C /* Main.storyboard */ = {
			isa = PBXVariantGroup;
			children = (
				D8F89E4D1C7055AF0049102C /* Base */,
			);
			name = Main.storyboard;
			sourceTree = "<group>";
		};
		D8F89E511C7055AF0049102C /* LaunchScreen.storyboard */ = {
			isa = PBXVariantGroup;
			children = (
				D8F89E521C7055AF0049102C /* Base */,
			);
			name = LaunchScreen.storyboard;
			sourceTree = "<group>";
		};
/* End PBXVariantGroup section */

/* Begin XCBuildConfiguration section */
		D8F89E551C7055AF0049102C /* Debug */ = {
			isa = XCBuildConfiguration;
			buildSettings = {
				ALWAYS_SEARCH_USER_PATHS = NO;
				CLANG_CXX_LANGUAGE_STANDARD = "gnu++0x";
				CLANG_CXX_LIBRARY = "libc++";
				CLANG_ENABLE_MODULES = YES;
				CLANG_ENABLE_OBJC_ARC = YES;
				CLANG_WARN_BOOL_CONVERSION = YES;
				CLANG_WARN_CONSTANT_CONVERSION = YES;
				CLANG_WARN_DIRECT_OBJC_ISA_USAGE = YES_ERROR;
				CLANG_WARN_EMPTY_BODY = YES;
				CLANG_WARN_ENUM_CONVERSION = YES;
				CLANG_WARN_INT_CONVERSION = YES;
				CLANG_WARN_OBJC_ROOT_CLASS = YES_ERROR;
				CLANG_WARN_UNREACHABLE_CODE = YES;
				CLANG_WARN__DUPLICATE_METHOD_MATCH = YES;
				"CODE_SIGN_IDENTITY[sdk=iphoneos*]" = "iPhone Developer";
				COPY_PHASE_STRIP = NO;
				DEBUG_INFORMATION_FORMAT = dwarf;
				ENABLE_STRICT_OBJC_MSGSEND = YES;
				ENABLE_TESTABILITY = YES;
				GCC_C_LANGUAGE_STANDARD = gnu99;
				GCC_DYNAMIC_NO_PIC = NO;
				GCC_NO_COMMON_BLOCKS = YES;
				GCC_OPTIMIZATION_LEVEL = 0;
				GCC_PREPROCESSOR_DEFINITIONS = (
					"DEBUG=1",
					"$(inherited)",
				);
				GCC_WARN_64_TO_32_BIT_CONVERSION = YES;
				GCC_WARN_ABOUT_RETURN_TYPE = YES_ERROR;
				GCC_WARN_UNDECLARED_SELECTOR = YES;
				GCC_WARN_UNINITIALIZED_AUTOS = YES_AGGRESSIVE;
				GCC_WARN_UNUSED_FUNCTION = YES;
				GCC_WARN_UNUSED_VARIABLE = YES;
				IPHONEOS_DEPLOYMENT_TARGET = 9.2;
				MTL_ENABLE_DEBUG_INFO = YES;
				ONLY_ACTIVE_ARCH = YES;
				SDKROOT = iphoneos;
				TARGETED_DEVICE_FAMILY = "1,2";
			};
			name = Debug;
		};
		D8F89E561C7055AF0049102C /* Release */ = {
			isa = XCBuildConfiguration;
			buildSettings = {
				ALWAYS_SEARCH_USER_PATHS = NO;
				CLANG_CXX_LANGUAGE_STANDARD = "gnu++0x";
				CLANG_CXX_LIBRARY = "libc++";
				CLANG_ENABLE_MODULES = YES;
				CLANG_ENABLE_OBJC_ARC = YES;
				CLANG_WARN_BOOL_CONVERSION = YES;
				CLANG_WARN_CONSTANT_CONVERSION = YES;
				CLANG_WARN_DIRECT_OBJC_ISA_USAGE = YES_ERROR;
				CLANG_WARN_EMPTY_BODY = YES;
				CLANG_WARN_ENUM_CONVERSION = YES;
				CLANG_WARN_INT_CONVERSION = YES;
				CLANG_WARN_OBJC_ROOT_CLASS = YES_ERROR;
				CLANG_WARN_UNREACHABLE_CODE = YES;
				CLANG_WARN__DUPLICATE_METHOD_MATCH = YES;
				"CODE_SIGN_IDENTITY[sdk=iphoneos*]" = "iPhone Developer";
				COPY_PHASE_STRIP = NO;
				DEBUG_INFORMATION_FORMAT = "dwarf-with-dsym";
				ENABLE_NS_ASSERTIONS = NO;
				ENABLE_STRICT_OBJC_MSGSEND = YES;
				GCC_C_LANGUAGE_STANDARD = gnu99;
				GCC_NO_COMMON_BLOCKS = YES;
				GCC_WARN_64_TO_32_BIT_CONVERSION = YES;
				GCC_WARN_ABOUT_RETURN_TYPE = YES_ERROR;
				GCC_WARN_UNDECLARED_SELECTOR = YES;
				GCC_WARN_UNINITIALIZED_AUTOS = YES_AGGRESSIVE;
				GCC_WARN_UNUSED_FUNCTION = YES;
				GCC_WARN_UNUSED_VARIABLE = YES;
				IPHONEOS_DEPLOYMENT_TARGET = 9.2;
				MTL_ENABLE_DEBUG_INFO = NO;
				SDKROOT = iphoneos;
				TARGETED_DEVICE_FAMILY = "1,2";
				VALIDATE_PRODUCT = YES;
			};
			name = Release;
		};
		D8F89E581C7055AF0049102C /* Debug */ = {
			isa = XCBuildConfiguration;
			buildSettings = {
				ASSETCATALOG_COMPILER_APPICON_NAME = AppIcon;
				INFOPLIST_FILE = "Testing-ObjectC-in-Swift/Info.plist";
				LD_RUNPATH_SEARCH_PATHS = "$(inherited) @executable_path/Frameworks";
				PRODUCT_BUNDLE_IDENTIFIER = "com.ctarda.Testing-ObjectC-in-Swift";
				PRODUCT_NAME = "$(TARGET_NAME)";
			};
			name = Debug;
		};
		D8F89E591C7055AF0049102C /* Release */ = {
			isa = XCBuildConfiguration;
			buildSettings = {
				ASSETCATALOG_COMPILER_APPICON_NAME = AppIcon;
				INFOPLIST_FILE = "Testing-ObjectC-in-Swift/Info.plist";
				LD_RUNPATH_SEARCH_PATHS = "$(inherited) @executable_path/Frameworks";
				PRODUCT_BUNDLE_IDENTIFIER = "com.ctarda.Testing-ObjectC-in-Swift";
				PRODUCT_NAME = "$(TARGET_NAME)";
			};
			name = Release;
		};
/* End XCBuildConfiguration section */

/* Begin XCConfigurationList section */
		D8F89E3B1C7055AF0049102C /* Build configuration list for PBXProject "Testing-ObjectC-in-Swift" */ = {
			isa = XCConfigurationList;
			buildConfigurations = (
				D8F89E551C7055AF0049102C /* Debug */,
				D8F89E561C7055AF0049102C /* Release */,
			);
			defaultConfigurationIsVisible = 0;
			defaultConfigurationName = Release;
		};
		D8F89E571C7055AF0049102C /* Build configuration list for PBXNativeTarget "Testing-ObjectC-in-Swift" */ = {
			isa = XCConfigurationList;
			buildConfigurations = (
				D8F89E581C7055AF0049102C /* Debug */,
				D8F89E591C7055AF0049102C /* Release */,
			);
			defaultConfigurationIsVisible = 0;
		};
/* End XCConfigurationList section */
	};
	rootObject = D8F89E381C7055AF0049102C /* Project object */;
}
